
Microsoft Visual Studio Solution File, Format Version 12.00
# Visual Studio Version 16
VisualStudioVersion = 16.0.29806.167
MinimumVisualStudioVersion = 10.0.40219.1
Project("{FAE04EC0-301F-11D3-BF4B-00C04F79EFBC}") = "ElegirPrograma", "ElegirPrograma\ElegirPrograma.csproj", "{04E47E53-F27B-4352-A806-7A12E787040E}"
EndProject
Global
	GlobalSection(SolutionConfigurationPlatforms) = preSolution
		Debug|Any CPU = Debug|Any CPU
		Release|Any CPU = Release|Any CPU
	EndGlobalSection
	GlobalSection(ProjectConfigurationPlatforms) = postSolution
		{04E47E53-F27B-4352-A806-7A12E787040E}.Debug|Any CPU.ActiveCfg = Debug|Any CPU
		{04E47E53-F27B-4352-A806-7A12E787040E}.Debug|Any CPU.Build.0 = Debug|Any CPU
		{04E47E53-F27B-4352-A806-7A12E787040E}.Release|Any CPU.ActiveCfg = Release|Any CPU
		{04E47E53-F27B-4352-A806-7A12E787040E}.Release|Any CPU.Build.0 = Release|Any CPU
	EndGlobalSection
	GlobalSection(SolutionProperties) = preSolution
		HideSolutionNode = FALSE
	EndGlobalSection
	GlobalSection(ExtensibilityGlobals) = postSolution
		SolutionGuid = {74FC8827-38A6-44B4-9ABB-E8E8846ED23C}
	EndGlobalSection
EndGlobal
