
Microsoft Visual Studio Solution File, Format Version 12.00
# Visual Studio Version 16
VisualStudioVersion = 16.0.29519.87
MinimumVisualStudioVersion = 10.0.40219.1
Project("{FAE04EC0-301F-11D3-BF4B-00C04F79EFBC}") = "Practicauno", "Practicauno\Practicauno.csproj", "{3CC5493D-F441-4BD4-B7B8-F34F65091EE6}"
EndProject
Global
	GlobalSection(SolutionConfigurationPlatforms) = preSolution
		Debug|Any CPU = Debug|Any CPU
		Release|Any CPU = Release|Any CPU
	EndGlobalSection
	GlobalSection(ProjectConfigurationPlatforms) = postSolution
		{3CC5493D-F441-4BD4-B7B8-F34F65091EE6}.Debug|Any CPU.ActiveCfg = Debug|Any CPU
		{3CC5493D-F441-4BD4-B7B8-F34F65091EE6}.Debug|Any CPU.Build.0 = Debug|Any CPU
		{3CC5493D-F441-4BD4-B7B8-F34F65091EE6}.Release|Any CPU.ActiveCfg = Release|Any CPU
		{3CC5493D-F441-4BD4-B7B8-F34F65091EE6}.Release|Any CPU.Build.0 = Release|Any CPU
	EndGlobalSection
	GlobalSection(SolutionProperties) = preSolution
		HideSolutionNode = FALSE
	EndGlobalSection
	GlobalSection(ExtensibilityGlobals) = postSolution
		SolutionGuid = {8D372DAE-C67E-4AD2-8BFC-EEBAE08A84CE}
	EndGlobalSection
EndGlobal
